
Microsoft Visual Studio Solution File, Format Version 12.00
# Visual Studio 15
VisualStudioVersion = 15.0.27428.2037
MinimumVisualStudioVersion = 10.0.40219.1
Project("{FAE04EC0-301F-11D3-BF4B-00C04F79EFBC}") = "CoreClient", "CoreClient\CoreClient.csproj", "{83D22B62-55FE-4606-8330-EAFEFA839B73}"
EndProject
Global
	GlobalSection(SolutionConfigurationPlatforms) = preSolution
		Debug|Any CPU = Debug|Any CPU
		Release|Any CPU = Release|Any CPU
	EndGlobalSection
	GlobalSection(ProjectConfigurationPlatforms) = postSolution
		{83D22B62-55FE-4606-8330-EAFEFA839B73}.Debug|Any CPU.ActiveCfg = Debug|Any CPU
		{83D22B62-55FE-4606-8330-EAFEFA839B73}.Debug|Any CPU.Build.0 = Debug|Any CPU
		{83D22B62-55FE-4606-8330-EAFEFA839B73}.Release|Any CPU.ActiveCfg = Release|Any CPU
		{83D22B62-55FE-4606-8330-EAFEFA839B73}.Release|Any CPU.Build.0 = Release|Any CPU
	EndGlobalSection
	GlobalSection(SolutionProperties) = preSolution
		HideSolutionNode = FALSE
	EndGlobalSection
	GlobalSection(ExtensibilityGlobals) = postSolution
		SolutionGuid = {97CD5F81-C6D8-443B-A611-7254980C60B8}
	EndGlobalSection
EndGlobal
